
Microsoft Visual Studio Solution File, Format Version 12.00
# Visual Studio Version 16
VisualStudioVersion = 16.0.29613.14
MinimumVisualStudioVersion = 10.0.40219.1
Project("{FAE04EC0-301F-11D3-BF4B-00C04F79EFBC}") = "cv_manager.Android", "cv_manager\cv_manager.Android\cv_manager.Android.csproj", "{3A6332F9-FD91-4383-B594-93DB028CFD7C}"
EndProject
Project("{FAE04EC0-301F-11D3-BF4B-00C04F79EFBC}") = "cv_manager.iOS", "cv_manager\cv_manager.iOS\cv_manager.iOS.csproj", "{9D0DE27A-DBDA-436B-AE85-9CB3E6C9FD67}"
EndProject
Project("{FAE04EC0-301F-11D3-BF4B-00C04F79EFBC}") = "cv_manager", "cv_manager\cv_manager\cv_manager.csproj", "{4EA1D457-EC3A-4520-9DA7-2B15692EAEC7}"
EndProject
Global
	GlobalSection(SolutionConfigurationPlatforms) = preSolution
		Debug|Any CPU = Debug|Any CPU
		Debug|iPhone = Debug|iPhone
		Debug|iPhoneSimulator = Debug|iPhoneSimulator
		Release|Any CPU = Release|Any CPU
		Release|iPhone = Release|iPhone
		Release|iPhoneSimulator = Release|iPhoneSimulator
	EndGlobalSection
	GlobalSection(ProjectConfigurationPlatforms) = postSolution
		{3A6332F9-FD91-4383-B594-93DB028CFD7C}.Debug|Any CPU.ActiveCfg = Debug|Any CPU
		{3A6332F9-FD91-4383-B594-93DB028CFD7C}.Debug|Any CPU.Build.0 = Debug|Any CPU
		{3A6332F9-FD91-4383-B594-93DB028CFD7C}.Debug|Any CPU.Deploy.0 = Debug|Any CPU
		{3A6332F9-FD91-4383-B594-93DB028CFD7C}.Debug|iPhone.ActiveCfg = Debug|Any CPU
		{3A6332F9-FD91-4383-B594-93DB028CFD7C}.Debug|iPhone.Build.0 = Debug|Any CPU
		{3A6332F9-FD91-4383-B594-93DB028CFD7C}.Debug|iPhone.Deploy.0 = Debug|Any CPU
		{3A6332F9-FD91-4383-B594-93DB028CFD7C}.Debug|iPhoneSimulator.ActiveCfg = Debug|Any CPU
		{3A6332F9-FD91-4383-B594-93DB028CFD7C}.Debug|iPhoneSimulator.Build.0 = Debug|Any CPU
		{3A6332F9-FD91-4383-B594-93DB028CFD7C}.Debug|iPhoneSimulator.Deploy.0 = Debug|Any CPU
		{3A6332F9-FD91-4383-B594-93DB028CFD7C}.Release|Any CPU.ActiveCfg = Release|Any CPU
		{3A6332F9-FD91-4383-B594-93DB028CFD7C}.Release|Any CPU.Build.0 = Release|Any CPU
		{3A6332F9-FD91-4383-B594-93DB028CFD7C}.Release|Any CPU.Deploy.0 = Release|Any CPU
		{3A6332F9-FD91-4383-B594-93DB028CFD7C}.Release|iPhone.ActiveCfg = Release|Any CPU
		{3A6332F9-FD91-4383-B594-93DB028CFD7C}.Release|iPhone.Build.0 = Release|Any CPU
		{3A6332F9-FD91-4383-B594-93DB028CFD7C}.Release|iPhone.Deploy.0 = Release|Any CPU
		{3A6332F9-FD91-4383-B594-93DB028CFD7C}.Release|iPhoneSimulator.ActiveCfg = Release|Any CPU
		{3A6332F9-FD91-4383-B594-93DB028CFD7C}.Release|iPhoneSimulator.Build.0 = Release|Any CPU
		{3A6332F9-FD91-4383-B594-93DB028CFD7C}.Release|iPhoneSimulator.Deploy.0 = Release|Any CPU
		{9D0DE27A-DBDA-436B-AE85-9CB3E6C9FD67}.Debug|Any CPU.ActiveCfg = Debug|iPhoneSimulator
		{9D0DE27A-DBDA-436B-AE85-9CB3E6C9FD67}.Debug|Any CPU.Build.0 = Debug|iPhoneSimulator
		{9D0DE27A-DBDA-436B-AE85-9CB3E6C9FD67}.Debug|Any CPU.Deploy.0 = Debug|iPhoneSimulator
		{9D0DE27A-DBDA-436B-AE85-9CB3E6C9FD67}.Debug|iPhone.ActiveCfg = Debug|iPhone
		{9D0DE27A-DBDA-436B-AE85-9CB3E6C9FD67}.Debug|iPhone.Build.0 = Debug|iPhone
		{9D0DE27A-DBDA-436B-AE85-9CB3E6C9FD67}.Debug|iPhone.Deploy.0 = Debug|iPhone
		{9D0DE27A-DBDA-436B-AE85-9CB3E6C9FD67}.Debug|iPhoneSimulator.ActiveCfg = Debug|iPhoneSimulator
		{9D0DE27A-DBDA-436B-AE85-9CB3E6C9FD67}.Debug|iPhoneSimulator.Build.0 = Debug|iPhoneSimulator
		{9D0DE27A-DBDA-436B-AE85-9CB3E6C9FD67}.Debug|iPhoneSimulator.Deploy.0 = Debug|iPhoneSimulator
		{9D0DE27A-DBDA-436B-AE85-9CB3E6C9FD67}.Release|Any CPU.ActiveCfg = Release|iPhone
		{9D0DE27A-DBDA-436B-AE85-9CB3E6C9FD67}.Release|Any CPU.Build.0 = Release|iPhone
		{9D0DE27A-DBDA-436B-AE85-9CB3E6C9FD67}.Release|Any CPU.Deploy.0 = Release|iPhone
		{9D0DE27A-DBDA-436B-AE85-9CB3E6C9FD67}.Release|iPhone.ActiveCfg = Release|iPhone
		{9D0DE27A-DBDA-436B-AE85-9CB3E6C9FD67}.Release|iPhone.Build.0 = Release|iPhone
		{9D0DE27A-DBDA-436B-AE85-9CB3E6C9FD67}.Release|iPhone.Deploy.0 = Release|iPhone
		{9D0DE27A-DBDA-436B-AE85-9CB3E6C9FD67}.Release|iPhoneSimulator.ActiveCfg = Release|iPhoneSimulator
		{9D0DE27A-DBDA-436B-AE85-9CB3E6C9FD67}.Release|iPhoneSimulator.Build.0 = Release|iPhoneSimulator
		{9D0DE27A-DBDA-436B-AE85-9CB3E6C9FD67}.Release|iPhoneSimulator.Deploy.0 = Release|iPhoneSimulator
		{4EA1D457-EC3A-4520-9DA7-2B15692EAEC7}.Debug|Any CPU.ActiveCfg = Debug|Any CPU
		{4EA1D457-EC3A-4520-9DA7-2B15692EAEC7}.Debug|Any CPU.Build.0 = Debug|Any CPU
		{4EA1D457-EC3A-4520-9DA7-2B15692EAEC7}.Debug|Any CPU.Deploy.0 = Debug|Any CPU
		{4EA1D457-EC3A-4520-9DA7-2B15692EAEC7}.Debug|iPhone.ActiveCfg = Debug|Any CPU
		{4EA1D457-EC3A-4520-9DA7-2B15692EAEC7}.Debug|iPhone.Build.0 = Debug|Any CPU
		{4EA1D457-EC3A-4520-9DA7-2B15692EAEC7}.Debug|iPhone.Deploy.0 = Debug|Any CPU
		{4EA1D457-EC3A-4520-9DA7-2B15692EAEC7}.Debug|iPhoneSimulator.ActiveCfg = Debug|Any CPU
		{4EA1D457-EC3A-4520-9DA7-2B15692EAEC7}.Debug|iPhoneSimulator.Build.0 = Debug|Any CPU
		{4EA1D457-EC3A-4520-9DA7-2B15692EAEC7}.Debug|iPhoneSimulator.Deploy.0 = Debug|Any CPU
		{4EA1D457-EC3A-4520-9DA7-2B15692EAEC7}.Release|Any CPU.ActiveCfg = Release|Any CPU
		{4EA1D457-EC3A-4520-9DA7-2B15692EAEC7}.Release|Any CPU.Build.0 = Release|Any CPU
		{4EA1D457-EC3A-4520-9DA7-2B15692EAEC7}.Release|Any CPU.Deploy.0 = Release|Any CPU
		{4EA1D457-EC3A-4520-9DA7-2B15692EAEC7}.Release|iPhone.ActiveCfg = Release|Any CPU
		{4EA1D457-EC3A-4520-9DA7-2B15692EAEC7}.Release|iPhone.Build.0 = Release|Any CPU
		{4EA1D457-EC3A-4520-9DA7-2B15692EAEC7}.Release|iPhone.Deploy.0 = Release|Any CPU
		{4EA1D457-EC3A-4520-9DA7-2B15692EAEC7}.Release|iPhoneSimulator.ActiveCfg = Release|Any CPU
		{4EA1D457-EC3A-4520-9DA7-2B15692EAEC7}.Release|iPhoneSimulator.Build.0 = Release|Any CPU
		{4EA1D457-EC3A-4520-9DA7-2B15692EAEC7}.Release|iPhoneSimulator.Deploy.0 = Release|Any CPU
	EndGlobalSection
	GlobalSection(SolutionProperties) = preSolution
		HideSolutionNode = FALSE
	EndGlobalSection
	GlobalSection(ExtensibilityGlobals) = postSolution
		SolutionGuid = {91EE0215-0CCD-4F26-B987-6CFDE24984D0}
	EndGlobalSection
EndGlobal
